
Microsoft Visual Studio Solution File, Format Version 12.00
# Visual Studio Version 17
VisualStudioVersion = 17.3.32929.385
MinimumVisualStudioVersion = 10.0.40219.1
Project("{FAE04EC0-301F-11D3-BF4B-00C04F79EFBC}") = "WebApplication12", "WebApplication12\WebApplication12.csproj", "{BB77AB26-10B2-4181-8B15-B37EC40C28A1}"
EndProject
Global
	GlobalSection(SolutionConfigurationPlatforms) = preSolution
		Debug|Any CPU = Debug|Any CPU
		Release|Any CPU = Release|Any CPU
	EndGlobalSection
	GlobalSection(ProjectConfigurationPlatforms) = postSolution
		{BB77AB26-10B2-4181-8B15-B37EC40C28A1}.Debug|Any CPU.ActiveCfg = Debug|Any CPU
		{BB77AB26-10B2-4181-8B15-B37EC40C28A1}.Debug|Any CPU.Build.0 = Debug|Any CPU
		{BB77AB26-10B2-4181-8B15-B37EC40C28A1}.Release|Any CPU.ActiveCfg = Release|Any CPU
		{BB77AB26-10B2-4181-8B15-B37EC40C28A1}.Release|Any CPU.Build.0 = Release|Any CPU
	EndGlobalSection
	GlobalSection(SolutionProperties) = preSolution
		HideSolutionNode = FALSE
	EndGlobalSection
	GlobalSection(ExtensibilityGlobals) = postSolution
		SolutionGuid = {153F46BC-99B0-4436-B2B2-115760313033}
	EndGlobalSection
EndGlobal
